
Microsoft Visual Studio Solution File, Format Version 12.00
# Visual Studio Version 16
VisualStudioVersion = 16.0.34601.136
MinimumVisualStudioVersion = 10.0.40219.1
Project("{FAE04EC0-301F-11D3-BF4B-00C04F79EFBC}") = "WS_API_JUEGO", "WS_API_JUEGO\WS_API_JUEGO.csproj", "{4A8711FC-5D07-4BE4-9400-C2A7A9BEC7AF}"
EndProject
Global
	GlobalSection(SolutionConfigurationPlatforms) = preSolution
		Debug|Any CPU = Debug|Any CPU
		Release|Any CPU = Release|Any CPU
	EndGlobalSection
	GlobalSection(ProjectConfigurationPlatforms) = postSolution
		{4A8711FC-5D07-4BE4-9400-C2A7A9BEC7AF}.Debug|Any CPU.ActiveCfg = Debug|Any CPU
		{4A8711FC-5D07-4BE4-9400-C2A7A9BEC7AF}.Debug|Any CPU.Build.0 = Debug|Any CPU
		{4A8711FC-5D07-4BE4-9400-C2A7A9BEC7AF}.Release|Any CPU.ActiveCfg = Release|Any CPU
		{4A8711FC-5D07-4BE4-9400-C2A7A9BEC7AF}.Release|Any CPU.Build.0 = Release|Any CPU
	EndGlobalSection
	GlobalSection(SolutionProperties) = preSolution
		HideSolutionNode = FALSE
	EndGlobalSection
	GlobalSection(ExtensibilityGlobals) = postSolution
		SolutionGuid = {9A87D16E-31B4-4ECA-83C3-EEB37E8AF1E3}
	EndGlobalSection
EndGlobal
